
Microsoft Visual Studio Solution File, Format Version 12.00
# Visual Studio Version 16
VisualStudioVersion = 16.0.31424.327
MinimumVisualStudioVersion = 10.0.40219.1
Project("{9A19103F-16F7-4668-BE54-9A1E7A4F7556}") = "WindhelmNordicBakery", "src\WindhelmNordicBakery\WindhelmNordicBakery.csproj", "{4B9A8B58-41B6-4C66-A05E-07DA61ABFED0}"
EndProject
Project("{9A19103F-16F7-4668-BE54-9A1E7A4F7556}") = "WindhelmNordicBakery.Tests", "src\WindhelmNordicBakery.Tests\WindhelmNordicBakery.Tests.csproj", "{1F313C4B-991B-4954-9A86-3270D5BA600A}"
EndProject
Global
	GlobalSection(SolutionConfigurationPlatforms) = preSolution
		Debug|Any CPU = Debug|Any CPU
		Release|Any CPU = Release|Any CPU
	EndGlobalSection
	GlobalSection(ProjectConfigurationPlatforms) = postSolution
		{4B9A8B58-41B6-4C66-A05E-07DA61ABFED0}.Debug|Any CPU.ActiveCfg = Debug|Any CPU
		{4B9A8B58-41B6-4C66-A05E-07DA61ABFED0}.Debug|Any CPU.Build.0 = Debug|Any CPU
		{4B9A8B58-41B6-4C66-A05E-07DA61ABFED0}.Release|Any CPU.ActiveCfg = Release|Any CPU
		{4B9A8B58-41B6-4C66-A05E-07DA61ABFED0}.Release|Any CPU.Build.0 = Release|Any CPU
		{1F313C4B-991B-4954-9A86-3270D5BA600A}.Debug|Any CPU.ActiveCfg = Debug|Any CPU
		{1F313C4B-991B-4954-9A86-3270D5BA600A}.Debug|Any CPU.Build.0 = Debug|Any CPU
		{1F313C4B-991B-4954-9A86-3270D5BA600A}.Release|Any CPU.ActiveCfg = Release|Any CPU
		{1F313C4B-991B-4954-9A86-3270D5BA600A}.Release|Any CPU.Build.0 = Release|Any CPU
	EndGlobalSection
	GlobalSection(SolutionProperties) = preSolution
		HideSolutionNode = FALSE
	EndGlobalSection
	GlobalSection(ExtensibilityGlobals) = postSolution
		SolutionGuid = {CDC78710-1639-4B8C-A519-D0ABD2CF2A6F}
	EndGlobalSection
EndGlobal
